
Microsoft Visual Studio Solution File, Format Version 12.00
# Visual Studio Version 16
VisualStudioVersion = 16.0.30114.105
MinimumVisualStudioVersion = 10.0.40219.1
Project("{FAE04EC0-301F-11D3-BF4B-00C04F79EFBC}") = "motor", "motor\motor.csproj", "{449543C7-1F77-49C0-B088-8EA24B6066CC}"
EndProject
Project("{FAE04EC0-301F-11D3-BF4B-00C04F79EFBC}") = "tests", "tests\tests.csproj", "{58B19675-AFD3-467D-B4B1-23429CC47C7B}"
EndProject
Global
	GlobalSection(SolutionConfigurationPlatforms) = preSolution
		Debug|Any CPU = Debug|Any CPU
		Release|Any CPU = Release|Any CPU
	EndGlobalSection
	GlobalSection(SolutionProperties) = preSolution
		HideSolutionNode = FALSE
	EndGlobalSection
	GlobalSection(ProjectConfigurationPlatforms) = postSolution
		{449543C7-1F77-49C0-B088-8EA24B6066CC}.Debug|Any CPU.ActiveCfg = Debug|Any CPU
		{449543C7-1F77-49C0-B088-8EA24B6066CC}.Debug|Any CPU.Build.0 = Debug|Any CPU
		{449543C7-1F77-49C0-B088-8EA24B6066CC}.Release|Any CPU.ActiveCfg = Release|Any CPU
		{449543C7-1F77-49C0-B088-8EA24B6066CC}.Release|Any CPU.Build.0 = Release|Any CPU
		{58B19675-AFD3-467D-B4B1-23429CC47C7B}.Debug|Any CPU.ActiveCfg = Debug|Any CPU
		{58B19675-AFD3-467D-B4B1-23429CC47C7B}.Debug|Any CPU.Build.0 = Debug|Any CPU
		{58B19675-AFD3-467D-B4B1-23429CC47C7B}.Release|Any CPU.ActiveCfg = Release|Any CPU
		{58B19675-AFD3-467D-B4B1-23429CC47C7B}.Release|Any CPU.Build.0 = Release|Any CPU
	EndGlobalSection
EndGlobal
